
Microsoft Visual Studio Solution File, Format Version 12.00
# Visual Studio Version 16
VisualStudioVersion = 16.0.30907.101
MinimumVisualStudioVersion = 10.0.40219.1
Project("{FAE04EC0-301F-11D3-BF4B-00C04F79EFBC}") = "WindowsSudoDaemon", "WindowsSudoDaemon\WindowsSudoDaemon.csproj", "{75AE11FD-AEF0-4253-8BEC-96977FE7681F}"
EndProject
Global
	GlobalSection(SolutionConfigurationPlatforms) = preSolution
		Debug|Any CPU = Debug|Any CPU
		Release|Any CPU = Release|Any CPU
	EndGlobalSection
	GlobalSection(ProjectConfigurationPlatforms) = postSolution
		{75AE11FD-AEF0-4253-8BEC-96977FE7681F}.Debug|Any CPU.ActiveCfg = Debug|Any CPU
		{75AE11FD-AEF0-4253-8BEC-96977FE7681F}.Debug|Any CPU.Build.0 = Debug|Any CPU
		{75AE11FD-AEF0-4253-8BEC-96977FE7681F}.Release|Any CPU.ActiveCfg = Release|Any CPU
		{75AE11FD-AEF0-4253-8BEC-96977FE7681F}.Release|Any CPU.Build.0 = Release|Any CPU
	EndGlobalSection
	GlobalSection(SolutionProperties) = preSolution
		HideSolutionNode = FALSE
	EndGlobalSection
	GlobalSection(ExtensibilityGlobals) = postSolution
		SolutionGuid = {702EFF01-BC37-463A-8374-BEA7F5DAA473}
	EndGlobalSection
EndGlobal
